
Microsoft Visual Studio Solution File, Format Version 12.00
# Visual Studio Version 17
VisualStudioVersion = 17.0.32126.317
MinimumVisualStudioVersion = 10.0.40219.1
Project("{FAE04EC0-301F-11D3-BF4B-00C04F79EFBC}") = "testeMediator", "testeMediator\testeMediator.csproj", "{F3B960D7-10FF-4508-B880-3C05067B5F6A}"
EndProject
Global
	GlobalSection(SolutionConfigurationPlatforms) = preSolution
		Debug|Any CPU = Debug|Any CPU
		Release|Any CPU = Release|Any CPU
	EndGlobalSection
	GlobalSection(ProjectConfigurationPlatforms) = postSolution
		{F3B960D7-10FF-4508-B880-3C05067B5F6A}.Debug|Any CPU.ActiveCfg = Debug|Any CPU
		{F3B960D7-10FF-4508-B880-3C05067B5F6A}.Debug|Any CPU.Build.0 = Debug|Any CPU
		{F3B960D7-10FF-4508-B880-3C05067B5F6A}.Release|Any CPU.ActiveCfg = Release|Any CPU
		{F3B960D7-10FF-4508-B880-3C05067B5F6A}.Release|Any CPU.Build.0 = Release|Any CPU
	EndGlobalSection
	GlobalSection(SolutionProperties) = preSolution
		HideSolutionNode = FALSE
	EndGlobalSection
	GlobalSection(ExtensibilityGlobals) = postSolution
		SolutionGuid = {1F016C34-24F7-4578-A1CF-0041086CEFDC}
	EndGlobalSection
EndGlobal
