
Microsoft Visual Studio Solution File, Format Version 12.00
# Visual Studio Version 17
VisualStudioVersion = 17.0.32126.317
MinimumVisualStudioVersion = 10.0.40219.1
Project("{FAE04EC0-301F-11D3-BF4B-00C04F79EFBC}") = "Proj_Mediator", "Proj_Mediator\Proj_Mediator.csproj", "{B73E35B8-47F4-4DDC-966B-859D67CFA7C5}"
EndProject
Global
	GlobalSection(SolutionConfigurationPlatforms) = preSolution
		Debug|Any CPU = Debug|Any CPU
		Release|Any CPU = Release|Any CPU
	EndGlobalSection
	GlobalSection(ProjectConfigurationPlatforms) = postSolution
		{B73E35B8-47F4-4DDC-966B-859D67CFA7C5}.Debug|Any CPU.ActiveCfg = Debug|Any CPU
		{B73E35B8-47F4-4DDC-966B-859D67CFA7C5}.Debug|Any CPU.Build.0 = Debug|Any CPU
		{B73E35B8-47F4-4DDC-966B-859D67CFA7C5}.Release|Any CPU.ActiveCfg = Release|Any CPU
		{B73E35B8-47F4-4DDC-966B-859D67CFA7C5}.Release|Any CPU.Build.0 = Release|Any CPU
	EndGlobalSection
	GlobalSection(SolutionProperties) = preSolution
		HideSolutionNode = FALSE
	EndGlobalSection
	GlobalSection(ExtensibilityGlobals) = postSolution
		SolutionGuid = {01628A0C-D673-41DD-A952-F582E0B8034C}
	EndGlobalSection
EndGlobal
